
Microsoft Visual Studio Solution File, Format Version 12.00
# Visual Studio Version 16
VisualStudioVersion = 16.0.30011.22
MinimumVisualStudioVersion = 10.0.40219.1
Project("{2150E333-8FDC-42A3-9474-1A3956D46DE8}") = "Note", "Note", "{F5FDF8C9-6828-4C20-AFEA-6261AB10FFFB}"
	ProjectSection(SolutionItems) = preProject
		Note\DataAnnotations.txt = Note\DataAnnotations.txt
		Note\Git.txt = Note\Git.txt
		Note\NOTE.txt = Note\NOTE.txt
		Note\Spring.Net.txt = Note\Spring.Net.txt
		Note\T4.txt = Note\T4.txt
	EndProjectSection
EndProject
Project("{2150E333-8FDC-42A3-9474-1A3956D46DE8}") = "SOA", "SOA", "{754E8AA8-FFD0-4B11-AE4E-F3EA73837145}"
	ProjectSection(SolutionItems) = preProject
		SOA\SOA.txt = SOA\SOA.txt
		SOA\WCF.txt = SOA\WCF.txt
		SOA\WebService.txt = SOA\WebService.txt
	EndProjectSection
EndProject
Project("{FAE04EC0-301F-11D3-BF4B-00C04F79EFBC}") = "WebServiceHostWebApp", "SOA\WebServiceHostWebApp\WebServiceHostWebApp.csproj", "{847B848A-9556-4FA2-BCD7-5609C8D4D9A7}"
EndProject
Project("{FAE04EC0-301F-11D3-BF4B-00C04F79EFBC}") = "WebServiceModel", "SOA\WebServiceModel\WebServiceModel.csproj", "{7C0C0BB2-7DD7-4833-8CF2-625BEA294A5D}"
EndProject
Project("{FAE04EC0-301F-11D3-BF4B-00C04F79EFBC}") = "WCFModel", "SOA\WCFModel\WCFModel.csproj", "{47C0B29D-76A1-457B-88BB-789262D1AC75}"
EndProject
Project("{FAE04EC0-301F-11D3-BF4B-00C04F79EFBC}") = "WCFInterface", "SOA\WCFInterface\WCFInterface.csproj", "{484758AC-5E64-40B5-9B12-4B2B94CCFD34}"
EndProject
Project("{FAE04EC0-301F-11D3-BF4B-00C04F79EFBC}") = "WCFService", "SOA\WCFService\WCFService.csproj", "{43AD5163-2EEA-48B4-AAC0-1E0389789E60}"
EndProject
Project("{FAE04EC0-301F-11D3-BF4B-00C04F79EFBC}") = "WCFHostConsoleApp", "SOA\WCFHostConsoleApp\WCFHostConsoleApp.csproj", "{9EF84864-9724-4A9B-AA86-873C349CC7A3}"
EndProject
Project("{FAE04EC0-301F-11D3-BF4B-00C04F79EFBC}") = "WCFHostWebApp", "SOA\WCFHostWebApp\WCFHostWebApp.csproj", "{6A5D70F1-97EB-47B6-AE07-79B6B7E5E9E5}"
EndProject
Project("{FAE04EC0-301F-11D3-BF4B-00C04F79EFBC}") = "SOAConsoleApp", "SOA\SOAConsoleApp\SOAConsoleApp.csproj", "{AEEF6838-3DAC-4D00-B4A5-63BE4728B720}"
EndProject
Project("{FAE04EC0-301F-11D3-BF4B-00C04F79EFBC}") = "SOAWebApp", "SOA\SOAWebApp\SOAWebApp.csproj", "{AD3793D4-942C-4F40-AE4A-836DE30AC03D}"
	ProjectSection(ProjectDependencies) = postProject
		{6A5D70F1-97EB-47B6-AE07-79B6B7E5E9E5} = {6A5D70F1-97EB-47B6-AE07-79B6B7E5E9E5}
	EndProjectSection
EndProject
Project("{2150E333-8FDC-42A3-9474-1A3956D46DE8}") = "AOP", "AOP", "{5BE947B8-51F0-4994-AACE-A31F90CD00F5}"
	ProjectSection(SolutionItems) = preProject
		AOP\AOP.txt = AOP\AOP.txt
	EndProjectSection
EndProject
Project("{FAE04EC0-301F-11D3-BF4B-00C04F79EFBC}") = "AOPConsoleApp", "AOP\AOPConsoleApp\AOPConsoleApp.csproj", "{2F0C880B-75E0-4EE9-BABA-B87BCE8E82D2}"
EndProject
Project("{2150E333-8FDC-42A3-9474-1A3956D46DE8}") = "IOC", "IOC", "{9FC9A2B9-0984-48F9-AE9F-4736FEF7964B}"
	ProjectSection(SolutionItems) = preProject
		IOC\IOC.txt = IOC\IOC.txt
	EndProjectSection
EndProject
Project("{FAE04EC0-301F-11D3-BF4B-00C04F79EFBC}") = "IOC.Interface", "IOC\IOC.Interface\IOC.Interface.csproj", "{76A0ECAE-7848-4F38-A1B3-DDDC88963729}"
EndProject
Project("{FAE04EC0-301F-11D3-BF4B-00C04F79EFBC}") = "IOC.Service", "IOC\IOC.Service\IOC.Service.csproj", "{5D368C3E-2190-487D-848D-1DBF81A45B62}"
EndProject
Project("{FAE04EC0-301F-11D3-BF4B-00C04F79EFBC}") = "IOC.Factory", "IOC\IOC.Factory\IOC.Factory.csproj", "{301DCB4F-AABC-476D-A33B-FD4CB6049567}"
EndProject
Project("{FAE04EC0-301F-11D3-BF4B-00C04F79EFBC}") = "IOC.ConsoleApp", "IOC\IOC.ConsoleApp\IOC.ConsoleApp.csproj", "{9035E783-91B0-4DCE-A6B9-2A83334AEA05}"
EndProject
Project("{FAE04EC0-301F-11D3-BF4B-00C04F79EFBC}") = "IOC.ServiceExt", "IOC\IOC.ServiceExt\IOC.ServiceExt.csproj", "{E8709AC3-F988-4D29-89E8-8034044E0CDD}"
EndProject
Project("{FAE04EC0-301F-11D3-BF4B-00C04F79EFBC}") = "IOC.aop", "IOC\IOC.aop\IOC.aop.csproj", "{5C7096A4-EDB6-4EB8-8182-91483455C962}"
EndProject
Project("{2150E333-8FDC-42A3-9474-1A3956D46DE8}") = "Memcache", "Memcache", "{BD13E565-F98C-4619-8950-63CAD8DBDFB8}"
	ProjectSection(SolutionItems) = preProject
		Memcache\Memcached.txt = Memcache\Memcached.txt
	EndProjectSection
EndProject
Project("{FAE04EC0-301F-11D3-BF4B-00C04F79EFBC}") = "Cache.Memcache", "Memcache\Cache.Memcache\Cache.Memcache.csproj", "{2A809655-C832-467C-BA38-ECAC40D60E37}"
EndProject
Project("{2150E333-8FDC-42A3-9474-1A3956D46DE8}") = "Redis", "Redis", "{C8213E79-5EB3-4913-9B11-4189A89961AF}"
	ProjectSection(SolutionItems) = preProject
		Redis\Redis.txt = Redis\Redis.txt
	EndProjectSection
EndProject
Project("{FAE04EC0-301F-11D3-BF4B-00C04F79EFBC}") = "Redis.Cache.Base", "Redis\Redis.Cache.Base\Redis.Cache.Base.csproj", "{D45422CC-6743-4548-82C1-EBDC882DE61A}"
EndProject
Project("{FAE04EC0-301F-11D3-BF4B-00C04F79EFBC}") = "Redis.Cache", "Redis\Redis.Cache\Redis.Cache.csproj", "{AC1BB74B-25CD-4251-B25A-75203DCD895D}"
EndProject
Project("{FAE04EC0-301F-11D3-BF4B-00C04F79EFBC}") = "Redis.Cache.Factory", "Redis\Redis.Cache.Factory\Redis.Cache.Factory.csproj", "{E53438FA-EBD3-49A9-BD44-3039D6BE7D02}"
EndProject
Project("{2150E333-8FDC-42A3-9474-1A3956D46DE8}") = "Loger", "Loger", "{EFB833CD-0BAF-4A78-B600-18FF97EB5CDC}"
	ProjectSection(SolutionItems) = preProject
		Loger\log4net.txt = Loger\log4net.txt
	EndProjectSection
EndProject
Project("{FAE04EC0-301F-11D3-BF4B-00C04F79EFBC}") = "Loger", "Loger\Loger\Loger.csproj", "{57602614-C263-4474-A8D9-7902D5CFA5EF}"
EndProject
Project("{FAE04EC0-301F-11D3-BF4B-00C04F79EFBC}") = "RedisConsoleApp", "Redis\RedisConsoleApp\RedisConsoleApp.csproj", "{AA302E2B-7337-4EE7-982C-6F9CCCEEEACF}"
EndProject
Project("{FAE04EC0-301F-11D3-BF4B-00C04F79EFBC}") = "Redis", "Redis\Redis\Redis.csproj", "{DB8EEA76-E842-47AA-B7F6-9EB2ABEAC0C6}"
EndProject
Project("{FAE04EC0-301F-11D3-BF4B-00C04F79EFBC}") = "RedisBackServiceConsoleApp", "Redis\RedisBackServiceConsoleApp\RedisBackServiceConsoleApp.csproj", "{0A63F51D-A0EC-4458-900F-E25455AF9875}"
EndProject
Project("{FAE04EC0-301F-11D3-BF4B-00C04F79EFBC}") = "Redis.Exchange", "Redis\Redis.Exchange\Redis.Exchange.csproj", "{A6DB4215-94BC-49FC-9E23-87C43672A64B}"
EndProject
Project("{2150E333-8FDC-42A3-9474-1A3956D46DE8}") = "RedisHelper", "RedisHelper", "{453F15A8-ABD9-400C-AE62-C5F1BDDEE171}"
EndProject
Project("{FAE04EC0-301F-11D3-BF4B-00C04F79EFBC}") = "Wdj.Redis.ConsoleTest", "Redis\RedisHelper\Wdj.Redis.ConsoleTest\Wdj.Redis.ConsoleTest.csproj", "{238EC1F1-9D05-4207-8B97-15E9698A7E73}"
EndProject
Project("{FAE04EC0-301F-11D3-BF4B-00C04F79EFBC}") = "Wdj.Redis.Helper", "Redis\RedisHelper\Wdj.Redis.Helper\Wdj.Redis.Helper.csproj", "{B959D78B-CFDA-420F-8860-4C152A6C1FC4}"
EndProject
Project("{2150E333-8FDC-42A3-9474-1A3956D46DE8}") = "MVC", "MVC", "{F659DB86-B64F-4387-AEC5-65BA366EAAE4}"
	ProjectSection(SolutionItems) = preProject
		MVC\FirstMvc.txt = MVC\FirstMvc.txt
	EndProjectSection
EndProject
Project("{FAE04EC0-301F-11D3-BF4B-00C04F79EFBC}") = "Wdj.Redis.HelperTest", "Redis\RedisHelper\Wdj.Redis.HelperTest\Wdj.Redis.HelperTest.csproj", "{2392CDDB-86BC-4089-BE78-02298FD4C3E4}"
EndProject
Project("{FAE04EC0-301F-11D3-BF4B-00C04F79EFBC}") = "MvcMusicStore", "MVC\MvcMusicStore\MvcMusicStore.csproj", "{B90DEC7F-0F97-4E0E-9135-873C41D8F3AB}"
EndProject
Project("{FAE04EC0-301F-11D3-BF4B-00C04F79EFBC}") = "MvcMusicStore.Tests", "MVC\MvcMusicStore.Tests\MvcMusicStore.Tests.csproj", "{18456521-4817-4BEA-AB61-34986B9FC525}"
EndProject
Project("{FAE04EC0-301F-11D3-BF4B-00C04F79EFBC}") = "FirstMvcWebApp", "MVC\FirstMvcWebApp\FirstMvcWebApp.csproj", "{DB6D5D9E-7302-4123-94C9-4F1104E58384}"
EndProject
Project("{2150E333-8FDC-42A3-9474-1A3956D46DE8}") = "Util", "Util", "{43275E85-5B20-466B-A08C-A0C527D04255}"
EndProject
Project("{FAE04EC0-301F-11D3-BF4B-00C04F79EFBC}") = "Util", "Util\Util\Util.csproj", "{09641307-21B1-4DCA-AE3E-5F678F949A0C}"
EndProject
Project("{2150E333-8FDC-42A3-9474-1A3956D46DE8}") = "Design Patterns", "Design Patterns", "{1B3798FA-E5EE-45AC-BA9F-77B4F954D988}"
EndProject
Project("{2150E333-8FDC-42A3-9474-1A3956D46DE8}") = "Singleton Pattern", "Singleton Pattern", "{BEDE4DD3-BAA2-4705-B379-9BD4F71A554B}"
EndProject
Project("{FAE04EC0-301F-11D3-BF4B-00C04F79EFBC}") = "SingletonPattern", "Design Patterns\Singleton Pattern\SingletonPattern\SingletonPattern.csproj", "{B11301B9-F414-4C66-B2C3-234AD317E98D}"
EndProject
Project("{2150E333-8FDC-42A3-9474-1A3956D46DE8}") = "Factory Pattern", "Factory Pattern", "{2FDDFDA5-116F-42CA-8923-747D64776B0A}"
EndProject
Project("{FAE04EC0-301F-11D3-BF4B-00C04F79EFBC}") = "SimpleFactoryPattern", "Design Patterns\Factory Pattern\SimpleFactoryPattern\SimpleFactoryPattern.csproj", "{CEB2B721-1516-4E7A-B35A-3FB52BA5488B}"
EndProject
Project("{FAE04EC0-301F-11D3-BF4B-00C04F79EFBC}") = "FactoryPattern.ToyotaMotor.Interface", "Design Patterns\Factory Pattern\FactoryPattern.ToyotaMotor.Interface\FactoryPattern.ToyotaMotor.Interface.csproj", "{4E852640-E89E-4BD2-AB4E-ED0681FD5A6C}"
EndProject
Project("{FAE04EC0-301F-11D3-BF4B-00C04F79EFBC}") = "FactoryPattern.ToyotaMotor.Service", "Design Patterns\Factory Pattern\FactoryPattern.ToyotaMotor.Service\FactoryPattern.ToyotaMotor.Service.csproj", "{E7FF6184-CF7D-4CA9-893D-0955B605A2C4}"
EndProject
Project("{FAE04EC0-301F-11D3-BF4B-00C04F79EFBC}") = "FactoryPattern.ToyotaMotor.ServiceExtend", "Design Patterns\Factory Pattern\FactoryPattern.ToyotaMotor.ServiceExtend\FactoryPattern.ToyotaMotor.ServiceExtend.csproj", "{BB3E4186-1174-4A38-9DD2-16F2924CF31F}"
EndProject
Project("{FAE04EC0-301F-11D3-BF4B-00C04F79EFBC}") = "FactoryMethodPattern", "Design Patterns\Factory Pattern\FactoryMethodPattern\FactoryMethodPattern.csproj", "{AE9B8E2D-E625-4253-9FBC-72A96C57AC13}"
EndProject
Project("{2150E333-8FDC-42A3-9474-1A3956D46DE8}") = "WebApi", "WebApi", "{7C3C9112-5E61-4577-8020-1D8372542D74}"
	ProjectSection(SolutionItems) = preProject
		WebApi\WebAPI.txt = WebApi\WebAPI.txt
	EndProjectSection
EndProject
Project("{FAE04EC0-301F-11D3-BF4B-00C04F79EFBC}") = "WebApiAjaxCRUD", "WebApi\WebApiAjaxCRUD\WebApiAjaxCRUD.csproj", "{51339030-BE17-457B-9CCC-CFEDDDD20D30}"
EndProject
Global
	GlobalSection(SolutionConfigurationPlatforms) = preSolution
		Debug|Any CPU = Debug|Any CPU
		Release|Any CPU = Release|Any CPU
	EndGlobalSection
	GlobalSection(ProjectConfigurationPlatforms) = postSolution
		{847B848A-9556-4FA2-BCD7-5609C8D4D9A7}.Debug|Any CPU.ActiveCfg = Debug|Any CPU
		{847B848A-9556-4FA2-BCD7-5609C8D4D9A7}.Debug|Any CPU.Build.0 = Debug|Any CPU
		{847B848A-9556-4FA2-BCD7-5609C8D4D9A7}.Release|Any CPU.ActiveCfg = Release|Any CPU
		{847B848A-9556-4FA2-BCD7-5609C8D4D9A7}.Release|Any CPU.Build.0 = Release|Any CPU
		{7C0C0BB2-7DD7-4833-8CF2-625BEA294A5D}.Debug|Any CPU.ActiveCfg = Debug|Any CPU
		{7C0C0BB2-7DD7-4833-8CF2-625BEA294A5D}.Debug|Any CPU.Build.0 = Debug|Any CPU
		{7C0C0BB2-7DD7-4833-8CF2-625BEA294A5D}.Release|Any CPU.ActiveCfg = Release|Any CPU
		{7C0C0BB2-7DD7-4833-8CF2-625BEA294A5D}.Release|Any CPU.Build.0 = Release|Any CPU
		{47C0B29D-76A1-457B-88BB-789262D1AC75}.Debug|Any CPU.ActiveCfg = Debug|Any CPU
		{47C0B29D-76A1-457B-88BB-789262D1AC75}.Debug|Any CPU.Build.0 = Debug|Any CPU
		{47C0B29D-76A1-457B-88BB-789262D1AC75}.Release|Any CPU.ActiveCfg = Release|Any CPU
		{47C0B29D-76A1-457B-88BB-789262D1AC75}.Release|Any CPU.Build.0 = Release|Any CPU
		{484758AC-5E64-40B5-9B12-4B2B94CCFD34}.Debug|Any CPU.ActiveCfg = Debug|Any CPU
		{484758AC-5E64-40B5-9B12-4B2B94CCFD34}.Debug|Any CPU.Build.0 = Debug|Any CPU
		{484758AC-5E64-40B5-9B12-4B2B94CCFD34}.Release|Any CPU.ActiveCfg = Release|Any CPU
		{484758AC-5E64-40B5-9B12-4B2B94CCFD34}.Release|Any CPU.Build.0 = Release|Any CPU
		{43AD5163-2EEA-48B4-AAC0-1E0389789E60}.Debug|Any CPU.ActiveCfg = Debug|Any CPU
		{43AD5163-2EEA-48B4-AAC0-1E0389789E60}.Debug|Any CPU.Build.0 = Debug|Any CPU
		{43AD5163-2EEA-48B4-AAC0-1E0389789E60}.Release|Any CPU.ActiveCfg = Release|Any CPU
		{43AD5163-2EEA-48B4-AAC0-1E0389789E60}.Release|Any CPU.Build.0 = Release|Any CPU
		{9EF84864-9724-4A9B-AA86-873C349CC7A3}.Debug|Any CPU.ActiveCfg = Debug|Any CPU
		{9EF84864-9724-4A9B-AA86-873C349CC7A3}.Debug|Any CPU.Build.0 = Debug|Any CPU
		{9EF84864-9724-4A9B-AA86-873C349CC7A3}.Release|Any CPU.ActiveCfg = Release|Any CPU
		{9EF84864-9724-4A9B-AA86-873C349CC7A3}.Release|Any CPU.Build.0 = Release|Any CPU
		{6A5D70F1-97EB-47B6-AE07-79B6B7E5E9E5}.Debug|Any CPU.ActiveCfg = Debug|Any CPU
		{6A5D70F1-97EB-47B6-AE07-79B6B7E5E9E5}.Debug|Any CPU.Build.0 = Debug|Any CPU
		{6A5D70F1-97EB-47B6-AE07-79B6B7E5E9E5}.Release|Any CPU.ActiveCfg = Release|Any CPU
		{6A5D70F1-97EB-47B6-AE07-79B6B7E5E9E5}.Release|Any CPU.Build.0 = Release|Any CPU
		{AEEF6838-3DAC-4D00-B4A5-63BE4728B720}.Debug|Any CPU.ActiveCfg = Debug|Any CPU
		{AEEF6838-3DAC-4D00-B4A5-63BE4728B720}.Debug|Any CPU.Build.0 = Debug|Any CPU
		{AEEF6838-3DAC-4D00-B4A5-63BE4728B720}.Release|Any CPU.ActiveCfg = Release|Any CPU
		{AEEF6838-3DAC-4D00-B4A5-63BE4728B720}.Release|Any CPU.Build.0 = Release|Any CPU
		{AD3793D4-942C-4F40-AE4A-836DE30AC03D}.Debug|Any CPU.ActiveCfg = Debug|Any CPU
		{AD3793D4-942C-4F40-AE4A-836DE30AC03D}.Debug|Any CPU.Build.0 = Debug|Any CPU
		{AD3793D4-942C-4F40-AE4A-836DE30AC03D}.Release|Any CPU.ActiveCfg = Release|Any CPU
		{AD3793D4-942C-4F40-AE4A-836DE30AC03D}.Release|Any CPU.Build.0 = Release|Any CPU
		{2F0C880B-75E0-4EE9-BABA-B87BCE8E82D2}.Debug|Any CPU.ActiveCfg = Debug|Any CPU
		{2F0C880B-75E0-4EE9-BABA-B87BCE8E82D2}.Debug|Any CPU.Build.0 = Debug|Any CPU
		{2F0C880B-75E0-4EE9-BABA-B87BCE8E82D2}.Release|Any CPU.ActiveCfg = Release|Any CPU
		{2F0C880B-75E0-4EE9-BABA-B87BCE8E82D2}.Release|Any CPU.Build.0 = Release|Any CPU
		{76A0ECAE-7848-4F38-A1B3-DDDC88963729}.Debug|Any CPU.ActiveCfg = Debug|Any CPU
		{76A0ECAE-7848-4F38-A1B3-DDDC88963729}.Debug|Any CPU.Build.0 = Debug|Any CPU
		{76A0ECAE-7848-4F38-A1B3-DDDC88963729}.Release|Any CPU.ActiveCfg = Release|Any CPU
		{76A0ECAE-7848-4F38-A1B3-DDDC88963729}.Release|Any CPU.Build.0 = Release|Any CPU
		{5D368C3E-2190-487D-848D-1DBF81A45B62}.Debug|Any CPU.ActiveCfg = Debug|Any CPU
		{5D368C3E-2190-487D-848D-1DBF81A45B62}.Debug|Any CPU.Build.0 = Debug|Any CPU
		{5D368C3E-2190-487D-848D-1DBF81A45B62}.Release|Any CPU.ActiveCfg = Release|Any CPU
		{5D368C3E-2190-487D-848D-1DBF81A45B62}.Release|Any CPU.Build.0 = Release|Any CPU
		{301DCB4F-AABC-476D-A33B-FD4CB6049567}.Debug|Any CPU.ActiveCfg = Debug|Any CPU
		{301DCB4F-AABC-476D-A33B-FD4CB6049567}.Debug|Any CPU.Build.0 = Debug|Any CPU
		{301DCB4F-AABC-476D-A33B-FD4CB6049567}.Release|Any CPU.ActiveCfg = Release|Any CPU
		{301DCB4F-AABC-476D-A33B-FD4CB6049567}.Release|Any CPU.Build.0 = Release|Any CPU
		{9035E783-91B0-4DCE-A6B9-2A83334AEA05}.Debug|Any CPU.ActiveCfg = Debug|Any CPU
		{9035E783-91B0-4DCE-A6B9-2A83334AEA05}.Debug|Any CPU.Build.0 = Debug|Any CPU
		{9035E783-91B0-4DCE-A6B9-2A83334AEA05}.Release|Any CPU.ActiveCfg = Release|Any CPU
		{9035E783-91B0-4DCE-A6B9-2A83334AEA05}.Release|Any CPU.Build.0 = Release|Any CPU
		{E8709AC3-F988-4D29-89E8-8034044E0CDD}.Debug|Any CPU.ActiveCfg = Debug|Any CPU
		{E8709AC3-F988-4D29-89E8-8034044E0CDD}.Debug|Any CPU.Build.0 = Debug|Any CPU
		{E8709AC3-F988-4D29-89E8-8034044E0CDD}.Release|Any CPU.ActiveCfg = Release|Any CPU
		{E8709AC3-F988-4D29-89E8-8034044E0CDD}.Release|Any CPU.Build.0 = Release|Any CPU
		{5C7096A4-EDB6-4EB8-8182-91483455C962}.Debug|Any CPU.ActiveCfg = Debug|Any CPU
		{5C7096A4-EDB6-4EB8-8182-91483455C962}.Debug|Any CPU.Build.0 = Debug|Any CPU
		{5C7096A4-EDB6-4EB8-8182-91483455C962}.Release|Any CPU.ActiveCfg = Release|Any CPU
		{5C7096A4-EDB6-4EB8-8182-91483455C962}.Release|Any CPU.Build.0 = Release|Any CPU
		{2A809655-C832-467C-BA38-ECAC40D60E37}.Debug|Any CPU.ActiveCfg = Debug|Any CPU
		{2A809655-C832-467C-BA38-ECAC40D60E37}.Debug|Any CPU.Build.0 = Debug|Any CPU
		{2A809655-C832-467C-BA38-ECAC40D60E37}.Release|Any CPU.ActiveCfg = Release|Any CPU
		{2A809655-C832-467C-BA38-ECAC40D60E37}.Release|Any CPU.Build.0 = Release|Any CPU
		{D45422CC-6743-4548-82C1-EBDC882DE61A}.Debug|Any CPU.ActiveCfg = Debug|Any CPU
		{D45422CC-6743-4548-82C1-EBDC882DE61A}.Debug|Any CPU.Build.0 = Debug|Any CPU
		{D45422CC-6743-4548-82C1-EBDC882DE61A}.Release|Any CPU.ActiveCfg = Release|Any CPU
		{D45422CC-6743-4548-82C1-EBDC882DE61A}.Release|Any CPU.Build.0 = Release|Any CPU
		{AC1BB74B-25CD-4251-B25A-75203DCD895D}.Debug|Any CPU.ActiveCfg = Debug|Any CPU
		{AC1BB74B-25CD-4251-B25A-75203DCD895D}.Debug|Any CPU.Build.0 = Debug|Any CPU
		{AC1BB74B-25CD-4251-B25A-75203DCD895D}.Release|Any CPU.ActiveCfg = Release|Any CPU
		{AC1BB74B-25CD-4251-B25A-75203DCD895D}.Release|Any CPU.Build.0 = Release|Any CPU
		{E53438FA-EBD3-49A9-BD44-3039D6BE7D02}.Debug|Any CPU.ActiveCfg = Debug|Any CPU
		{E53438FA-EBD3-49A9-BD44-3039D6BE7D02}.Debug|Any CPU.Build.0 = Debug|Any CPU
		{E53438FA-EBD3-49A9-BD44-3039D6BE7D02}.Release|Any CPU.ActiveCfg = Release|Any CPU
		{E53438FA-EBD3-49A9-BD44-3039D6BE7D02}.Release|Any CPU.Build.0 = Release|Any CPU
		{57602614-C263-4474-A8D9-7902D5CFA5EF}.Debug|Any CPU.ActiveCfg = Debug|Any CPU
		{57602614-C263-4474-A8D9-7902D5CFA5EF}.Debug|Any CPU.Build.0 = Debug|Any CPU
		{57602614-C263-4474-A8D9-7902D5CFA5EF}.Release|Any CPU.ActiveCfg = Release|Any CPU
		{57602614-C263-4474-A8D9-7902D5CFA5EF}.Release|Any CPU.Build.0 = Release|Any CPU
		{AA302E2B-7337-4EE7-982C-6F9CCCEEEACF}.Debug|Any CPU.ActiveCfg = Debug|Any CPU
		{AA302E2B-7337-4EE7-982C-6F9CCCEEEACF}.Debug|Any CPU.Build.0 = Debug|Any CPU
		{AA302E2B-7337-4EE7-982C-6F9CCCEEEACF}.Release|Any CPU.ActiveCfg = Release|Any CPU
		{AA302E2B-7337-4EE7-982C-6F9CCCEEEACF}.Release|Any CPU.Build.0 = Release|Any CPU
		{DB8EEA76-E842-47AA-B7F6-9EB2ABEAC0C6}.Debug|Any CPU.ActiveCfg = Debug|Any CPU
		{DB8EEA76-E842-47AA-B7F6-9EB2ABEAC0C6}.Debug|Any CPU.Build.0 = Debug|Any CPU
		{DB8EEA76-E842-47AA-B7F6-9EB2ABEAC0C6}.Release|Any CPU.ActiveCfg = Release|Any CPU
		{DB8EEA76-E842-47AA-B7F6-9EB2ABEAC0C6}.Release|Any CPU.Build.0 = Release|Any CPU
		{0A63F51D-A0EC-4458-900F-E25455AF9875}.Debug|Any CPU.ActiveCfg = Debug|Any CPU
		{0A63F51D-A0EC-4458-900F-E25455AF9875}.Debug|Any CPU.Build.0 = Debug|Any CPU
		{0A63F51D-A0EC-4458-900F-E25455AF9875}.Release|Any CPU.ActiveCfg = Release|Any CPU
		{0A63F51D-A0EC-4458-900F-E25455AF9875}.Release|Any CPU.Build.0 = Release|Any CPU
		{A6DB4215-94BC-49FC-9E23-87C43672A64B}.Debug|Any CPU.ActiveCfg = Debug|Any CPU
		{A6DB4215-94BC-49FC-9E23-87C43672A64B}.Debug|Any CPU.Build.0 = Debug|Any CPU
		{A6DB4215-94BC-49FC-9E23-87C43672A64B}.Release|Any CPU.ActiveCfg = Release|Any CPU
		{A6DB4215-94BC-49FC-9E23-87C43672A64B}.Release|Any CPU.Build.0 = Release|Any CPU
		{238EC1F1-9D05-4207-8B97-15E9698A7E73}.Debug|Any CPU.ActiveCfg = Debug|Any CPU
		{238EC1F1-9D05-4207-8B97-15E9698A7E73}.Debug|Any CPU.Build.0 = Debug|Any CPU
		{238EC1F1-9D05-4207-8B97-15E9698A7E73}.Release|Any CPU.ActiveCfg = Release|Any CPU
		{238EC1F1-9D05-4207-8B97-15E9698A7E73}.Release|Any CPU.Build.0 = Release|Any CPU
		{B959D78B-CFDA-420F-8860-4C152A6C1FC4}.Debug|Any CPU.ActiveCfg = Debug|Any CPU
		{B959D78B-CFDA-420F-8860-4C152A6C1FC4}.Debug|Any CPU.Build.0 = Debug|Any CPU
		{B959D78B-CFDA-420F-8860-4C152A6C1FC4}.Release|Any CPU.ActiveCfg = Release|Any CPU
		{B959D78B-CFDA-420F-8860-4C152A6C1FC4}.Release|Any CPU.Build.0 = Release|Any CPU
		{2392CDDB-86BC-4089-BE78-02298FD4C3E4}.Debug|Any CPU.ActiveCfg = Debug|Any CPU
		{2392CDDB-86BC-4089-BE78-02298FD4C3E4}.Debug|Any CPU.Build.0 = Debug|Any CPU
		{2392CDDB-86BC-4089-BE78-02298FD4C3E4}.Release|Any CPU.ActiveCfg = Release|Any CPU
		{2392CDDB-86BC-4089-BE78-02298FD4C3E4}.Release|Any CPU.Build.0 = Release|Any CPU
		{B90DEC7F-0F97-4E0E-9135-873C41D8F3AB}.Debug|Any CPU.ActiveCfg = Debug|Any CPU
		{B90DEC7F-0F97-4E0E-9135-873C41D8F3AB}.Debug|Any CPU.Build.0 = Debug|Any CPU
		{B90DEC7F-0F97-4E0E-9135-873C41D8F3AB}.Release|Any CPU.ActiveCfg = Release|Any CPU
		{B90DEC7F-0F97-4E0E-9135-873C41D8F3AB}.Release|Any CPU.Build.0 = Release|Any CPU
		{18456521-4817-4BEA-AB61-34986B9FC525}.Debug|Any CPU.ActiveCfg = Debug|Any CPU
		{18456521-4817-4BEA-AB61-34986B9FC525}.Debug|Any CPU.Build.0 = Debug|Any CPU
		{18456521-4817-4BEA-AB61-34986B9FC525}.Release|Any CPU.ActiveCfg = Release|Any CPU
		{18456521-4817-4BEA-AB61-34986B9FC525}.Release|Any CPU.Build.0 = Release|Any CPU
		{DB6D5D9E-7302-4123-94C9-4F1104E58384}.Debug|Any CPU.ActiveCfg = Debug|Any CPU
		{DB6D5D9E-7302-4123-94C9-4F1104E58384}.Debug|Any CPU.Build.0 = Debug|Any CPU
		{DB6D5D9E-7302-4123-94C9-4F1104E58384}.Release|Any CPU.ActiveCfg = Release|Any CPU
		{DB6D5D9E-7302-4123-94C9-4F1104E58384}.Release|Any CPU.Build.0 = Release|Any CPU
		{09641307-21B1-4DCA-AE3E-5F678F949A0C}.Debug|Any CPU.ActiveCfg = Debug|Any CPU
		{09641307-21B1-4DCA-AE3E-5F678F949A0C}.Debug|Any CPU.Build.0 = Debug|Any CPU
		{09641307-21B1-4DCA-AE3E-5F678F949A0C}.Release|Any CPU.ActiveCfg = Release|Any CPU
		{09641307-21B1-4DCA-AE3E-5F678F949A0C}.Release|Any CPU.Build.0 = Release|Any CPU
		{B11301B9-F414-4C66-B2C3-234AD317E98D}.Debug|Any CPU.ActiveCfg = Debug|Any CPU
		{B11301B9-F414-4C66-B2C3-234AD317E98D}.Debug|Any CPU.Build.0 = Debug|Any CPU
		{B11301B9-F414-4C66-B2C3-234AD317E98D}.Release|Any CPU.ActiveCfg = Release|Any CPU
		{B11301B9-F414-4C66-B2C3-234AD317E98D}.Release|Any CPU.Build.0 = Release|Any CPU
		{CEB2B721-1516-4E7A-B35A-3FB52BA5488B}.Debug|Any CPU.ActiveCfg = Debug|Any CPU
		{CEB2B721-1516-4E7A-B35A-3FB52BA5488B}.Debug|Any CPU.Build.0 = Debug|Any CPU
		{CEB2B721-1516-4E7A-B35A-3FB52BA5488B}.Release|Any CPU.ActiveCfg = Release|Any CPU
		{CEB2B721-1516-4E7A-B35A-3FB52BA5488B}.Release|Any CPU.Build.0 = Release|Any CPU
		{4E852640-E89E-4BD2-AB4E-ED0681FD5A6C}.Debug|Any CPU.ActiveCfg = Debug|Any CPU
		{4E852640-E89E-4BD2-AB4E-ED0681FD5A6C}.Debug|Any CPU.Build.0 = Debug|Any CPU
		{4E852640-E89E-4BD2-AB4E-ED0681FD5A6C}.Release|Any CPU.ActiveCfg = Release|Any CPU
		{4E852640-E89E-4BD2-AB4E-ED0681FD5A6C}.Release|Any CPU.Build.0 = Release|Any CPU
		{E7FF6184-CF7D-4CA9-893D-0955B605A2C4}.Debug|Any CPU.ActiveCfg = Debug|Any CPU
		{E7FF6184-CF7D-4CA9-893D-0955B605A2C4}.Debug|Any CPU.Build.0 = Debug|Any CPU
		{E7FF6184-CF7D-4CA9-893D-0955B605A2C4}.Release|Any CPU.ActiveCfg = Release|Any CPU
		{E7FF6184-CF7D-4CA9-893D-0955B605A2C4}.Release|Any CPU.Build.0 = Release|Any CPU
		{BB3E4186-1174-4A38-9DD2-16F2924CF31F}.Debug|Any CPU.ActiveCfg = Debug|Any CPU
		{BB3E4186-1174-4A38-9DD2-16F2924CF31F}.Debug|Any CPU.Build.0 = Debug|Any CPU
		{BB3E4186-1174-4A38-9DD2-16F2924CF31F}.Release|Any CPU.ActiveCfg = Release|Any CPU
		{BB3E4186-1174-4A38-9DD2-16F2924CF31F}.Release|Any CPU.Build.0 = Release|Any CPU
		{AE9B8E2D-E625-4253-9FBC-72A96C57AC13}.Debug|Any CPU.ActiveCfg = Debug|Any CPU
		{AE9B8E2D-E625-4253-9FBC-72A96C57AC13}.Debug|Any CPU.Build.0 = Debug|Any CPU
		{AE9B8E2D-E625-4253-9FBC-72A96C57AC13}.Release|Any CPU.ActiveCfg = Release|Any CPU
		{AE9B8E2D-E625-4253-9FBC-72A96C57AC13}.Release|Any CPU.Build.0 = Release|Any CPU
		{51339030-BE17-457B-9CCC-CFEDDDD20D30}.Debug|Any CPU.ActiveCfg = Debug|Any CPU
		{51339030-BE17-457B-9CCC-CFEDDDD20D30}.Debug|Any CPU.Build.0 = Debug|Any CPU
		{51339030-BE17-457B-9CCC-CFEDDDD20D30}.Release|Any CPU.ActiveCfg = Release|Any CPU
		{51339030-BE17-457B-9CCC-CFEDDDD20D30}.Release|Any CPU.Build.0 = Release|Any CPU
	EndGlobalSection
	GlobalSection(SolutionProperties) = preSolution
		HideSolutionNode = FALSE
	EndGlobalSection
	GlobalSection(NestedProjects) = preSolution
		{847B848A-9556-4FA2-BCD7-5609C8D4D9A7} = {754E8AA8-FFD0-4B11-AE4E-F3EA73837145}
		{7C0C0BB2-7DD7-4833-8CF2-625BEA294A5D} = {754E8AA8-FFD0-4B11-AE4E-F3EA73837145}
		{47C0B29D-76A1-457B-88BB-789262D1AC75} = {754E8AA8-FFD0-4B11-AE4E-F3EA73837145}
		{484758AC-5E64-40B5-9B12-4B2B94CCFD34} = {754E8AA8-FFD0-4B11-AE4E-F3EA73837145}
		{43AD5163-2EEA-48B4-AAC0-1E0389789E60} = {754E8AA8-FFD0-4B11-AE4E-F3EA73837145}
		{9EF84864-9724-4A9B-AA86-873C349CC7A3} = {754E8AA8-FFD0-4B11-AE4E-F3EA73837145}
		{6A5D70F1-97EB-47B6-AE07-79B6B7E5E9E5} = {754E8AA8-FFD0-4B11-AE4E-F3EA73837145}
		{AEEF6838-3DAC-4D00-B4A5-63BE4728B720} = {754E8AA8-FFD0-4B11-AE4E-F3EA73837145}
		{AD3793D4-942C-4F40-AE4A-836DE30AC03D} = {754E8AA8-FFD0-4B11-AE4E-F3EA73837145}
		{2F0C880B-75E0-4EE9-BABA-B87BCE8E82D2} = {5BE947B8-51F0-4994-AACE-A31F90CD00F5}
		{76A0ECAE-7848-4F38-A1B3-DDDC88963729} = {9FC9A2B9-0984-48F9-AE9F-4736FEF7964B}
		{5D368C3E-2190-487D-848D-1DBF81A45B62} = {9FC9A2B9-0984-48F9-AE9F-4736FEF7964B}
		{301DCB4F-AABC-476D-A33B-FD4CB6049567} = {9FC9A2B9-0984-48F9-AE9F-4736FEF7964B}
		{9035E783-91B0-4DCE-A6B9-2A83334AEA05} = {9FC9A2B9-0984-48F9-AE9F-4736FEF7964B}
		{E8709AC3-F988-4D29-89E8-8034044E0CDD} = {9FC9A2B9-0984-48F9-AE9F-4736FEF7964B}
		{5C7096A4-EDB6-4EB8-8182-91483455C962} = {9FC9A2B9-0984-48F9-AE9F-4736FEF7964B}
		{2A809655-C832-467C-BA38-ECAC40D60E37} = {BD13E565-F98C-4619-8950-63CAD8DBDFB8}
		{D45422CC-6743-4548-82C1-EBDC882DE61A} = {C8213E79-5EB3-4913-9B11-4189A89961AF}
		{AC1BB74B-25CD-4251-B25A-75203DCD895D} = {C8213E79-5EB3-4913-9B11-4189A89961AF}
		{E53438FA-EBD3-49A9-BD44-3039D6BE7D02} = {C8213E79-5EB3-4913-9B11-4189A89961AF}
		{57602614-C263-4474-A8D9-7902D5CFA5EF} = {EFB833CD-0BAF-4A78-B600-18FF97EB5CDC}
		{AA302E2B-7337-4EE7-982C-6F9CCCEEEACF} = {C8213E79-5EB3-4913-9B11-4189A89961AF}
		{DB8EEA76-E842-47AA-B7F6-9EB2ABEAC0C6} = {C8213E79-5EB3-4913-9B11-4189A89961AF}
		{0A63F51D-A0EC-4458-900F-E25455AF9875} = {C8213E79-5EB3-4913-9B11-4189A89961AF}
		{A6DB4215-94BC-49FC-9E23-87C43672A64B} = {C8213E79-5EB3-4913-9B11-4189A89961AF}
		{453F15A8-ABD9-400C-AE62-C5F1BDDEE171} = {C8213E79-5EB3-4913-9B11-4189A89961AF}
		{238EC1F1-9D05-4207-8B97-15E9698A7E73} = {453F15A8-ABD9-400C-AE62-C5F1BDDEE171}
		{B959D78B-CFDA-420F-8860-4C152A6C1FC4} = {453F15A8-ABD9-400C-AE62-C5F1BDDEE171}
		{2392CDDB-86BC-4089-BE78-02298FD4C3E4} = {453F15A8-ABD9-400C-AE62-C5F1BDDEE171}
		{B90DEC7F-0F97-4E0E-9135-873C41D8F3AB} = {F659DB86-B64F-4387-AEC5-65BA366EAAE4}
		{18456521-4817-4BEA-AB61-34986B9FC525} = {F659DB86-B64F-4387-AEC5-65BA366EAAE4}
		{DB6D5D9E-7302-4123-94C9-4F1104E58384} = {F659DB86-B64F-4387-AEC5-65BA366EAAE4}
		{09641307-21B1-4DCA-AE3E-5F678F949A0C} = {43275E85-5B20-466B-A08C-A0C527D04255}
		{BEDE4DD3-BAA2-4705-B379-9BD4F71A554B} = {1B3798FA-E5EE-45AC-BA9F-77B4F954D988}
		{B11301B9-F414-4C66-B2C3-234AD317E98D} = {BEDE4DD3-BAA2-4705-B379-9BD4F71A554B}
		{2FDDFDA5-116F-42CA-8923-747D64776B0A} = {1B3798FA-E5EE-45AC-BA9F-77B4F954D988}
		{CEB2B721-1516-4E7A-B35A-3FB52BA5488B} = {2FDDFDA5-116F-42CA-8923-747D64776B0A}
		{4E852640-E89E-4BD2-AB4E-ED0681FD5A6C} = {2FDDFDA5-116F-42CA-8923-747D64776B0A}
		{E7FF6184-CF7D-4CA9-893D-0955B605A2C4} = {2FDDFDA5-116F-42CA-8923-747D64776B0A}
		{BB3E4186-1174-4A38-9DD2-16F2924CF31F} = {2FDDFDA5-116F-42CA-8923-747D64776B0A}
		{AE9B8E2D-E625-4253-9FBC-72A96C57AC13} = {2FDDFDA5-116F-42CA-8923-747D64776B0A}
		{51339030-BE17-457B-9CCC-CFEDDDD20D30} = {7C3C9112-5E61-4577-8020-1D8372542D74}
	EndGlobalSection
	GlobalSection(ExtensibilityGlobals) = postSolution
		SolutionGuid = {23824680-3407-426F-8E47-0FE6D34D8F4A}
	EndGlobalSection
EndGlobal
