
Microsoft Visual Studio Solution File, Format Version 12.00
# Visual Studio Version 16
VisualStudioVersion = 16.0.30011.22
MinimumVisualStudioVersion = 10.0.40219.1
Project("{FAE04EC0-301F-11D3-BF4B-00C04F79EFBC}") = "Reverse", "Reverse\Reverse.csproj", "{165D8264-DCB6-41DB-AB10-114AA204CFEC}"
EndProject
Global
	GlobalSection(SolutionConfigurationPlatforms) = preSolution
		Debug|Any CPU = Debug|Any CPU
		Release|Any CPU = Release|Any CPU
	EndGlobalSection
	GlobalSection(ProjectConfigurationPlatforms) = postSolution
		{165D8264-DCB6-41DB-AB10-114AA204CFEC}.Debug|Any CPU.ActiveCfg = Debug|Any CPU
		{165D8264-DCB6-41DB-AB10-114AA204CFEC}.Debug|Any CPU.Build.0 = Debug|Any CPU
		{165D8264-DCB6-41DB-AB10-114AA204CFEC}.Release|Any CPU.ActiveCfg = Release|Any CPU
		{165D8264-DCB6-41DB-AB10-114AA204CFEC}.Release|Any CPU.Build.0 = Release|Any CPU
	EndGlobalSection
	GlobalSection(SolutionProperties) = preSolution
		HideSolutionNode = FALSE
	EndGlobalSection
	GlobalSection(ExtensibilityGlobals) = postSolution
		SolutionGuid = {BF70EFEB-11A8-4E89-AA06-CF0890A8DB0C}
	EndGlobalSection
EndGlobal
