
Microsoft Visual Studio Solution File, Format Version 12.00
# Visual Studio Version 16
VisualStudioVersion = 16.0.30011.22
MinimumVisualStudioVersion = 10.0.40219.1
Project("{FAE04EC0-301F-11D3-BF4B-00C04F79EFBC}") = "ChineseToABC", "ChineseToABC\ChineseToABC.csproj", "{2343DD4C-A1EA-4B05-BCCB-24C84A35A875}"
EndProject
Global
	GlobalSection(SolutionConfigurationPlatforms) = preSolution
		Debug|Any CPU = Debug|Any CPU
		Release|Any CPU = Release|Any CPU
	EndGlobalSection
	GlobalSection(ProjectConfigurationPlatforms) = postSolution
		{2343DD4C-A1EA-4B05-BCCB-24C84A35A875}.Debug|Any CPU.ActiveCfg = Debug|Any CPU
		{2343DD4C-A1EA-4B05-BCCB-24C84A35A875}.Debug|Any CPU.Build.0 = Debug|Any CPU
		{2343DD4C-A1EA-4B05-BCCB-24C84A35A875}.Release|Any CPU.ActiveCfg = Release|Any CPU
		{2343DD4C-A1EA-4B05-BCCB-24C84A35A875}.Release|Any CPU.Build.0 = Release|Any CPU
	EndGlobalSection
	GlobalSection(SolutionProperties) = preSolution
		HideSolutionNode = FALSE
	EndGlobalSection
	GlobalSection(ExtensibilityGlobals) = postSolution
		SolutionGuid = {0FF42C48-49FF-432A-8BA0-BAB2C37BE20E}
	EndGlobalSection
EndGlobal
