
Microsoft Visual Studio Solution File, Format Version 12.00
# Visual Studio Version 16
VisualStudioVersion = 16.0.30011.22
MinimumVisualStudioVersion = 10.0.40219.1
Project("{FAE04EC0-301F-11D3-BF4B-00C04F79EFBC}") = "ReverseStr", "ReverseStr\ReverseStr.csproj", "{C9417B0D-F5E9-4393-875F-2FBDB4BC2C31}"
EndProject
Global
	GlobalSection(SolutionConfigurationPlatforms) = preSolution
		Debug|Any CPU = Debug|Any CPU
		Release|Any CPU = Release|Any CPU
	EndGlobalSection
	GlobalSection(ProjectConfigurationPlatforms) = postSolution
		{C9417B0D-F5E9-4393-875F-2FBDB4BC2C31}.Debug|Any CPU.ActiveCfg = Debug|Any CPU
		{C9417B0D-F5E9-4393-875F-2FBDB4BC2C31}.Debug|Any CPU.Build.0 = Debug|Any CPU
		{C9417B0D-F5E9-4393-875F-2FBDB4BC2C31}.Release|Any CPU.ActiveCfg = Release|Any CPU
		{C9417B0D-F5E9-4393-875F-2FBDB4BC2C31}.Release|Any CPU.Build.0 = Release|Any CPU
	EndGlobalSection
	GlobalSection(SolutionProperties) = preSolution
		HideSolutionNode = FALSE
	EndGlobalSection
	GlobalSection(ExtensibilityGlobals) = postSolution
		SolutionGuid = {D12223D3-6497-4054-909A-9258A5E8F133}
	EndGlobalSection
EndGlobal
