
Microsoft Visual Studio Solution File, Format Version 12.00
# Visual Studio Version 16
VisualStudioVersion = 16.0.30011.22
MinimumVisualStudioVersion = 10.0.40219.1
Project("{FAE04EC0-301F-11D3-BF4B-00C04F79EFBC}") = "SelectSort", "SelectSort\SelectSort.csproj", "{5DD7EFED-311E-4B95-8C39-342A337FA798}"
EndProject
Global
	GlobalSection(SolutionConfigurationPlatforms) = preSolution
		Debug|Any CPU = Debug|Any CPU
		Release|Any CPU = Release|Any CPU
	EndGlobalSection
	GlobalSection(ProjectConfigurationPlatforms) = postSolution
		{5DD7EFED-311E-4B95-8C39-342A337FA798}.Debug|Any CPU.ActiveCfg = Debug|Any CPU
		{5DD7EFED-311E-4B95-8C39-342A337FA798}.Debug|Any CPU.Build.0 = Debug|Any CPU
		{5DD7EFED-311E-4B95-8C39-342A337FA798}.Release|Any CPU.ActiveCfg = Release|Any CPU
		{5DD7EFED-311E-4B95-8C39-342A337FA798}.Release|Any CPU.Build.0 = Release|Any CPU
	EndGlobalSection
	GlobalSection(SolutionProperties) = preSolution
		HideSolutionNode = FALSE
	EndGlobalSection
	GlobalSection(ExtensibilityGlobals) = postSolution
		SolutionGuid = {97F7C92F-30B7-4C36-AB27-E1979C9E99D4}
	EndGlobalSection
EndGlobal
